
Microsoft Visual Studio Solution File, Format Version 12.00
# Visual Studio Version 17
Project("{8BC9CEB8-8B4A-11D0-8D11-00A0C91BC942}") = "ALL_BUILD", "ALL_BUILD.vcxproj", "{66E14CDD-ABD3-3D63-9D72-FE43CBCA5679}"
	ProjectSection(ProjectDependencies) = postProject
		{0C922264-98A0-3A34-BFD4-6813B0C6730E} = {0C922264-98A0-3A34-BFD4-6813B0C6730E}
		{76E88F62-4FED-3088-B803-EDAA5A7E00AA} = {76E88F62-4FED-3088-B803-EDAA5A7E00AA}
		{0FDD6CC3-4010-3387-849A-8AB42A22DAD2} = {0FDD6CC3-4010-3387-849A-8AB42A22DAD2}
		{3E67F97C-6321-3472-9406-2CF9D4ADB06D} = {3E67F97C-6321-3472-9406-2CF9D4ADB06D}
	EndProjectSection
EndProject
Project("{8BC9CEB8-8B4A-11D0-8D11-00A0C91BC942}") = "FreeRTOS", "cmake\stm32cubemx\FreeRTOS.vcxproj", "{0C922264-98A0-3A34-BFD4-6813B0C6730E}"
	ProjectSection(ProjectDependencies) = postProject
		{0FDD6CC3-4010-3387-849A-8AB42A22DAD2} = {0FDD6CC3-4010-3387-849A-8AB42A22DAD2}
	EndProjectSection
EndProject
Project("{8BC9CEB8-8B4A-11D0-8D11-00A0C91BC942}") = "STM32_Drivers", "cmake\stm32cubemx\STM32_Drivers.vcxproj", "{76E88F62-4FED-3088-B803-EDAA5A7E00AA}"
	ProjectSection(ProjectDependencies) = postProject
		{0FDD6CC3-4010-3387-849A-8AB42A22DAD2} = {0FDD6CC3-4010-3387-849A-8AB42A22DAD2}
	EndProjectSection
EndProject
Project("{8BC9CEB8-8B4A-11D0-8D11-00A0C91BC942}") = "ZERO_CHECK", "ZERO_CHECK.vcxproj", "{0FDD6CC3-4010-3387-849A-8AB42A22DAD2}"
	ProjectSection(ProjectDependencies) = postProject
	EndProjectSection
EndProject
Project("{8BC9CEB8-8B4A-11D0-8D11-00A0C91BC942}") = "ePHC", "ePHC.vcxproj", "{3E67F97C-6321-3472-9406-2CF9D4ADB06D}"
	ProjectSection(ProjectDependencies) = postProject
		{0C922264-98A0-3A34-BFD4-6813B0C6730E} = {0C922264-98A0-3A34-BFD4-6813B0C6730E}
		{76E88F62-4FED-3088-B803-EDAA5A7E00AA} = {76E88F62-4FED-3088-B803-EDAA5A7E00AA}
		{0FDD6CC3-4010-3387-849A-8AB42A22DAD2} = {0FDD6CC3-4010-3387-849A-8AB42A22DAD2}
	EndProjectSection
EndProject
Global
	GlobalSection(SolutionConfigurationPlatforms) = preSolution
		Debug|x64 = Debug|x64
		Release|x64 = Release|x64
		MinSizeRel|x64 = MinSizeRel|x64
		RelWithDebInfo|x64 = RelWithDebInfo|x64
	EndGlobalSection
	GlobalSection(ProjectConfigurationPlatforms) = postSolution
		{66E14CDD-ABD3-3D63-9D72-FE43CBCA5679}.Debug|x64.ActiveCfg = Debug|x64
		{66E14CDD-ABD3-3D63-9D72-FE43CBCA5679}.Release|x64.ActiveCfg = Release|x64
		{66E14CDD-ABD3-3D63-9D72-FE43CBCA5679}.MinSizeRel|x64.ActiveCfg = MinSizeRel|x64
		{66E14CDD-ABD3-3D63-9D72-FE43CBCA5679}.RelWithDebInfo|x64.ActiveCfg = RelWithDebInfo|x64
		{0C922264-98A0-3A34-BFD4-6813B0C6730E}.Debug|x64.ActiveCfg = Debug|x64
		{0C922264-98A0-3A34-BFD4-6813B0C6730E}.Debug|x64.Build.0 = Debug|x64
		{0C922264-98A0-3A34-BFD4-6813B0C6730E}.Release|x64.ActiveCfg = Release|x64
		{0C922264-98A0-3A34-BFD4-6813B0C6730E}.Release|x64.Build.0 = Release|x64
		{0C922264-98A0-3A34-BFD4-6813B0C6730E}.MinSizeRel|x64.ActiveCfg = MinSizeRel|x64
		{0C922264-98A0-3A34-BFD4-6813B0C6730E}.MinSizeRel|x64.Build.0 = MinSizeRel|x64
		{0C922264-98A0-3A34-BFD4-6813B0C6730E}.RelWithDebInfo|x64.ActiveCfg = RelWithDebInfo|x64
		{0C922264-98A0-3A34-BFD4-6813B0C6730E}.RelWithDebInfo|x64.Build.0 = RelWithDebInfo|x64
		{76E88F62-4FED-3088-B803-EDAA5A7E00AA}.Debug|x64.ActiveCfg = Debug|x64
		{76E88F62-4FED-3088-B803-EDAA5A7E00AA}.Debug|x64.Build.0 = Debug|x64
		{76E88F62-4FED-3088-B803-EDAA5A7E00AA}.Release|x64.ActiveCfg = Release|x64
		{76E88F62-4FED-3088-B803-EDAA5A7E00AA}.Release|x64.Build.0 = Release|x64
		{76E88F62-4FED-3088-B803-EDAA5A7E00AA}.MinSizeRel|x64.ActiveCfg = MinSizeRel|x64
		{76E88F62-4FED-3088-B803-EDAA5A7E00AA}.MinSizeRel|x64.Build.0 = MinSizeRel|x64
		{76E88F62-4FED-3088-B803-EDAA5A7E00AA}.RelWithDebInfo|x64.ActiveCfg = RelWithDebInfo|x64
		{76E88F62-4FED-3088-B803-EDAA5A7E00AA}.RelWithDebInfo|x64.Build.0 = RelWithDebInfo|x64
		{0FDD6CC3-4010-3387-849A-8AB42A22DAD2}.Debug|x64.ActiveCfg = Debug|x64
		{0FDD6CC3-4010-3387-849A-8AB42A22DAD2}.Debug|x64.Build.0 = Debug|x64
		{0FDD6CC3-4010-3387-849A-8AB42A22DAD2}.Release|x64.ActiveCfg = Release|x64
		{0FDD6CC3-4010-3387-849A-8AB42A22DAD2}.Release|x64.Build.0 = Release|x64
		{0FDD6CC3-4010-3387-849A-8AB42A22DAD2}.MinSizeRel|x64.ActiveCfg = MinSizeRel|x64
		{0FDD6CC3-4010-3387-849A-8AB42A22DAD2}.MinSizeRel|x64.Build.0 = MinSizeRel|x64
		{0FDD6CC3-4010-3387-849A-8AB42A22DAD2}.RelWithDebInfo|x64.ActiveCfg = RelWithDebInfo|x64
		{0FDD6CC3-4010-3387-849A-8AB42A22DAD2}.RelWithDebInfo|x64.Build.0 = RelWithDebInfo|x64
		{3E67F97C-6321-3472-9406-2CF9D4ADB06D}.Debug|x64.ActiveCfg = Debug|x64
		{3E67F97C-6321-3472-9406-2CF9D4ADB06D}.Debug|x64.Build.0 = Debug|x64
		{3E67F97C-6321-3472-9406-2CF9D4ADB06D}.Release|x64.ActiveCfg = Release|x64
		{3E67F97C-6321-3472-9406-2CF9D4ADB06D}.Release|x64.Build.0 = Release|x64
		{3E67F97C-6321-3472-9406-2CF9D4ADB06D}.MinSizeRel|x64.ActiveCfg = MinSizeRel|x64
		{3E67F97C-6321-3472-9406-2CF9D4ADB06D}.MinSizeRel|x64.Build.0 = MinSizeRel|x64
		{3E67F97C-6321-3472-9406-2CF9D4ADB06D}.RelWithDebInfo|x64.ActiveCfg = RelWithDebInfo|x64
		{3E67F97C-6321-3472-9406-2CF9D4ADB06D}.RelWithDebInfo|x64.Build.0 = RelWithDebInfo|x64
	EndGlobalSection
	GlobalSection(ExtensibilityGlobals) = postSolution
		SolutionGuid = {8B490E31-3142-322A-BA09-05B054CF97FD}
	EndGlobalSection
	GlobalSection(ExtensibilityAddIns) = postSolution
	EndGlobalSection
EndGlobal
